
Microsoft Visual Studio Solution File, Format Version 12.00
# Visual Studio Version 17
VisualStudioVersion = 17.13.35818.85 d17.13
MinimumVisualStudioVersion = 10.0.40219.1
Project("{FAE04EC0-301F-11D3-BF4B-00C04F79EFBC}") = "CPU-GPU-Namer", "CPU-GPU-Namer.csproj", "{1E442BB4-1DBD-41FE-A9C3-331A2C037227}"
EndProject
Global
	GlobalSection(SolutionConfigurationPlatforms) = preSolution
		Debug|Any CPU = Debug|Any CPU
		Release|Any CPU = Release|Any CPU
	EndGlobalSection
	GlobalSection(ProjectConfigurationPlatforms) = postSolution
		{1E442BB4-1DBD-41FE-A9C3-331A2C037227}.Debug|Any CPU.ActiveCfg = Debug|Any CPU
		{1E442BB4-1DBD-41FE-A9C3-331A2C037227}.Debug|Any CPU.Build.0 = Debug|Any CPU
		{1E442BB4-1DBD-41FE-A9C3-331A2C037227}.Release|Any CPU.ActiveCfg = Release|Any CPU
		{1E442BB4-1DBD-41FE-A9C3-331A2C037227}.Release|Any CPU.Build.0 = Release|Any CPU
	EndGlobalSection
	GlobalSection(SolutionProperties) = preSolution
		HideSolutionNode = FALSE
	EndGlobalSection
	GlobalSection(ExtensibilityGlobals) = postSolution
		SolutionGuid = {929D5B04-B4BC-4BE8-B51A-62F822E4EB43}
	EndGlobalSection
EndGlobal
